
Microsoft Visual Studio Solution File, Format Version 12.00
# Visual Studio Version 16
VisualStudioVersion = 16.0.30907.101
MinimumVisualStudioVersion = 10.0.40219.1
Project("{FAE04EC0-301F-11D3-BF4B-00C04F79EFBC}") = "EmployeeRegistration.Core", "EmployeeRegistration.Core\EmployeeRegistration.Core.csproj", "{FA0C69DD-5CCF-40BE-A233-FA0E70814081}"
EndProject
Project("{FAE04EC0-301F-11D3-BF4B-00C04F79EFBC}") = "EmployeeRegistration.SQL", "EmployeeRegistration.SQL\EmployeeRegistration.SQL.csproj", "{2AD84318-B819-4527-A516-AA263D49844C}"
EndProject
Project("{FAE04EC0-301F-11D3-BF4B-00C04F79EFBC}") = "EmployeeRegistration.Services", "EmployeeRegistration.Services\EmployeeRegistration.Services.csproj", "{382EA669-937A-465E-BD53-7E447E05DB6D}"
EndProject
Project("{FAE04EC0-301F-11D3-BF4B-00C04F79EFBC}") = "EmployeeRegistration.WebUI", "EmployeeRegistration.WebUI\EmployeeRegistration.WebUI.csproj", "{5176D744-D239-4031-9045-3C4828AE2B99}"
EndProject
Project("{FAE04EC0-301F-11D3-BF4B-00C04F79EFBC}") = "EmployeeRegistration.WebUI.Tests", "EmployeeRegistration.WebUI.Tests\EmployeeRegistration.WebUI.Tests.csproj", "{38196A41-9FCD-472C-8C58-C27804A9C652}"
EndProject
Global
	GlobalSection(SolutionConfigurationPlatforms) = preSolution
		Debug|Any CPU = Debug|Any CPU
		Release|Any CPU = Release|Any CPU
	EndGlobalSection
	GlobalSection(ProjectConfigurationPlatforms) = postSolution
		{FA0C69DD-5CCF-40BE-A233-FA0E70814081}.Debug|Any CPU.ActiveCfg = Debug|Any CPU
		{FA0C69DD-5CCF-40BE-A233-FA0E70814081}.Debug|Any CPU.Build.0 = Debug|Any CPU
		{FA0C69DD-5CCF-40BE-A233-FA0E70814081}.Release|Any CPU.ActiveCfg = Release|Any CPU
		{FA0C69DD-5CCF-40BE-A233-FA0E70814081}.Release|Any CPU.Build.0 = Release|Any CPU
		{2AD84318-B819-4527-A516-AA263D49844C}.Debug|Any CPU.ActiveCfg = Debug|Any CPU
		{2AD84318-B819-4527-A516-AA263D49844C}.Debug|Any CPU.Build.0 = Debug|Any CPU
		{2AD84318-B819-4527-A516-AA263D49844C}.Release|Any CPU.ActiveCfg = Release|Any CPU
		{2AD84318-B819-4527-A516-AA263D49844C}.Release|Any CPU.Build.0 = Release|Any CPU
		{382EA669-937A-465E-BD53-7E447E05DB6D}.Debug|Any CPU.ActiveCfg = Debug|Any CPU
		{382EA669-937A-465E-BD53-7E447E05DB6D}.Debug|Any CPU.Build.0 = Debug|Any CPU
		{382EA669-937A-465E-BD53-7E447E05DB6D}.Release|Any CPU.ActiveCfg = Release|Any CPU
		{382EA669-937A-465E-BD53-7E447E05DB6D}.Release|Any CPU.Build.0 = Release|Any CPU
		{5176D744-D239-4031-9045-3C4828AE2B99}.Debug|Any CPU.ActiveCfg = Debug|Any CPU
		{5176D744-D239-4031-9045-3C4828AE2B99}.Debug|Any CPU.Build.0 = Debug|Any CPU
		{5176D744-D239-4031-9045-3C4828AE2B99}.Release|Any CPU.ActiveCfg = Release|Any CPU
		{5176D744-D239-4031-9045-3C4828AE2B99}.Release|Any CPU.Build.0 = Release|Any CPU
		{38196A41-9FCD-472C-8C58-C27804A9C652}.Debug|Any CPU.ActiveCfg = Debug|Any CPU
		{38196A41-9FCD-472C-8C58-C27804A9C652}.Debug|Any CPU.Build.0 = Debug|Any CPU
		{38196A41-9FCD-472C-8C58-C27804A9C652}.Release|Any CPU.ActiveCfg = Release|Any CPU
		{38196A41-9FCD-472C-8C58-C27804A9C652}.Release|Any CPU.Build.0 = Release|Any CPU
	EndGlobalSection
	GlobalSection(SolutionProperties) = preSolution
		HideSolutionNode = FALSE
	EndGlobalSection
	GlobalSection(ExtensibilityGlobals) = postSolution
		SolutionGuid = {75551DE5-1093-4B17-A2B5-9121F8567C45}
	EndGlobalSection
EndGlobal
